<?xml version="1.0" encoding="utf-8"?>
<Project ToolsVersion="4.0" xmlns="http://schemas.microsoft.com/developer/msbuild/2003">
  <ItemGroup>
    <Filter Include="Source Files">
      <UniqueIdentifier>{4FC737F1-C7A5-4376-A066-2A32D752A2FF}</UniqueIdentifier>
      <Extensions>cpp;c;cc;cxx;def;odl;idl;hpj;bat;asm;asmx</Extensions>
    </Filter>
    <Filter Include="Header Files">
      <UniqueIdentifier>{93995380-89BD-4b04-88EB-625FBE52EBFB}</UniqueIdentifier>
      <Extensions>h;hh;hpp;hxx;hm;inl;inc;xsd</Extensions>
    </Filter>
    <Filter Include="Resource Files">
      <UniqueIdentifier>{67DA6AB6-F800-4c08-8B7A-83BB121AAD01}</UniqueIdentifier>
      <Extensions>rc;ico;cur;bmp;dlg;rc2;rct;bin;rgs;gif;jpg;jpeg;jpe;resx;tiff;tif;png;wav</Extensions>
    </Filter>
    <Filter Include="Header Files\backend">
      <UniqueIdentifier>{076f129c-b2cc-4090-a9be-b8767974633c}</UniqueIdentifier>
    </Filter>
    <Filter Include="Header Files\ui">
      <UniqueIdentifier>{7ec167b3-b60b-4c78-9617-114de645603e}</UniqueIdentifier>
    </Filter>
    <Filter Include="Header Files\ui\MainPage">
      <UniqueIdentifier>{e20040d1-2a18-4d21-ac43-db8a3bf694d0}</UniqueIdentifier>
    </Filter>
    <Filter Include="Header Files\ui\TitlePage">
      <UniqueIdentifier>{cbcdf73d-a797-43c3-9e9c-ddd3b6f083f3}</UniqueIdentifier>
    </Filter>
    <Filter Include="Header Files\ui\Auxilary">
      <UniqueIdentifier>{e0898b04-c3ae-431e-982d-8f111dd625e5}</UniqueIdentifier>
    </Filter>
    <Filter Include="Source Files\backend">
      <UniqueIdentifier>{3a1eea91-7ab1-483f-8139-b0a04a55ba97}</UniqueIdentifier>
    </Filter>
    <Filter Include="Source Files\ui">
      <UniqueIdentifier>{5db3aec1-6d84-4b34-a8f2-17c692f4ad09}</UniqueIdentifier>
    </Filter>
    <Filter Include="Source Files\ui\MainPage">
      <UniqueIdentifier>{1a75d1a2-7414-40c5-a60b-69e3cbc5d23e}</UniqueIdentifier>
    </Filter>
    <Filter Include="Source Files\ui\Auxilary">
      <UniqueIdentifier>{86a452ed-f08f-4c93-ab47-96f8e87543ed}</UniqueIdentifier>
    </Filter>
    <Filter Include="Source Files\ui\TitlePage">
      <UniqueIdentifier>{ac027dd8-25b2-459c-a16f-c4bb2238a05a}</UniqueIdentifier>
    </Filter>
  </ItemGroup>
  <ItemGroup>
    <ClCompile Include="dnd_backend\entities\Attribute.cpp">
      <Filter>Source Files\backend</Filter>
    </ClCompile>
    <ClCompile Include="dnd_backend\entities\AttributeSet.cpp">
      <Filter>Source Files\backend</Filter>
    </ClCompile>
    <ClCompile Include="dnd_backend\entities\Character.cpp">
      <Filter>Source Files\backend</Filter>
    </ClCompile>
    <ClCompile Include="dnd_backend\entities\Currency.cpp">
      <Filter>Source Files\backend</Filter>
    </ClCompile>
    <ClCompile Include="dnd_backend\entities\ProficiencySet.cpp">
      <Filter>Source Files\backend</Filter>
    </ClCompile>
    <ClCompile Include="dnd_backend\entities\StatModifier.cpp">
      <Filter>Source Files\backend</Filter>
    </ClCompile>
    <ClCompile Include="dnd_backend\xmldao\tinyxml2.cpp">
      <Filter>Source Files\backend</Filter>
    </ClCompile>
    <ClCompile Include="dnd_ui\Source.cpp">
      <Filter>Source Files</Filter>
    </ClCompile>
    <ClCompile Include="dnd_ui\TitlePage\TitleScreen.cpp">
      <Filter>Source Files\ui\TitlePage</Filter>
    </ClCompile>
    <ClCompile Include="dnd_ui\Auxilary\PageManager.cpp">
      <Filter>Source Files\ui\Auxilary</Filter>
    </ClCompile>
    <ClCompile Include="dnd_ui\MainPage\MainPagePanels\src\AttributePanel.cpp">
      <Filter>Source Files\ui\MainPage</Filter>
    </ClCompile>
    <ClCompile Include="dnd_ui\MainPage\MainPagePanels\src\AttributesPage.cpp">
      <Filter>Source Files\ui\MainPage</Filter>
    </ClCompile>
    <ClCompile Include="dnd_ui\MainPage\CharacterWindow.cpp">
      <Filter>Source Files\ui\MainPage</Filter>
    </ClCompile>
    <ClCompile Include="dnd_ui\MainPage\MainPagePanels\src\ProfAndSav.cpp">
      <Filter>Source Files\ui\MainPage</Filter>
    </ClCompile>
    <ClCompile Include="dnd_ui\MainPage\MainPagePanels\src\SavingThrows.cpp">
      <Filter>Source Files\ui\MainPage</Filter>
    </ClCompile>
    <ClCompile Include="dnd_ui\MainPage\MainPagePanels\src\SpellPage.cpp">
      <Filter>Source Files\ui\MainPage</Filter>
    </ClCompile>
    <ClCompile Include="dnd_ui\MainPage\MainPagePanels\src\SkillPanel.cpp">
      <Filter>Source Files\ui\MainPage</Filter>
    </ClCompile>
  </ItemGroup>
  <ItemGroup>
    <ClInclude Include="dnd_backend\entities\Attribute.h">
      <Filter>Header Files\backend</Filter>
    </ClInclude>
    <ClInclude Include="dnd_backend\entities\AttributeSet.h">
      <Filter>Header Files\backend</Filter>
    </ClInclude>
    <ClInclude Include="dnd_backend\entities\Character.h">
      <Filter>Header Files\backend</Filter>
    </ClInclude>
    <ClInclude Include="dnd_backend\entities\Currency.h">
      <Filter>Header Files\backend</Filter>
    </ClInclude>
    <ClInclude Include="dnd_backend\entities\Entity.h">
      <Filter>Header Files\backend</Filter>
    </ClInclude>
    <ClInclude Include="dnd_backend\entities\EnumMap.h">
      <Filter>Header Files\backend</Filter>
    </ClInclude>
    <ClInclude Include="dnd_backend\entities\EnumMap.hpp">
      <Filter>Header Files\backend</Filter>
    </ClInclude>
    <ClInclude Include="dnd_backend\entities\Header.h">
      <Filter>Header Files\backend</Filter>
    </ClInclude>
    <ClInclude Include="dnd_backend\idao\IPlayerDao.h">
      <Filter>Header Files\backend</Filter>
    </ClInclude>
    <ClInclude Include="dnd_backend\entities\Item.h">
      <Filter>Header Files\backend</Filter>
    </ClInclude>
    <ClInclude Include="dnd_backend\entities\ProficiencySet.h">
      <Filter>Header Files\backend</Filter>
    </ClInclude>
    <ClInclude Include="dnd_backend\entities\Spell.h">
      <Filter>Header Files\backend</Filter>
    </ClInclude>
    <ClInclude Include="dnd_backend\entities\StatModifier.h">
      <Filter>Header Files\backend</Filter>
    </ClInclude>
    <ClInclude Include="dnd_backend\xmldao\tinyxml2.h">
      <Filter>Header Files\backend</Filter>
    </ClInclude>
    <ClInclude Include="dnd_backend\xmldao\XMLPlayerDao.h">
      <Filter>Header Files\backend</Filter>
    </ClInclude>
    <ClInclude Include="dnd_ui\MainPage\MainPagePanels\Headers\AttributePanel.h">
      <Filter>Header Files\ui\MainPage</Filter>
    </ClInclude>
    <ClInclude Include="dnd_ui\MainPage\MainPagePanels\Headers\AttributesPage.h">
      <Filter>Header Files\ui\MainPage</Filter>
    </ClInclude>
    <ClInclude Include="dnd_ui\MainPage\MainPagePanels\Headers\ProfAndSav.h">
      <Filter>Header Files\ui\MainPage</Filter>
    </ClInclude>
    <ClInclude Include="dnd_ui\MainPage\MainPagePanels\Headers\SavingThrows.h">
      <Filter>Header Files\ui\MainPage</Filter>
    </ClInclude>
    <ClInclude Include="dnd_ui\MainPage\MainPagePanels\Headers\SpellPage.h">
      <Filter>Header Files\ui\MainPage</Filter>
    </ClInclude>
    <ClInclude Include="dnd_ui\MainPage\CharacterWindow.h">
      <Filter>Header Files\ui\MainPage</Filter>
    </ClInclude>
    <ClInclude Include="dnd_ui\TitlePage\TitleScreen.h">
      <Filter>Header Files\ui\TitlePage</Filter>
    </ClInclude>
    <ClInclude Include="dnd_ui\Auxilary\Auxilary.h">
      <Filter>Header Files\ui\Auxilary</Filter>
    </ClInclude>
    <ClInclude Include="dnd_ui\Auxilary\PageManager.h">
      <Filter>Header Files\ui\Auxilary</Filter>
    </ClInclude>
    <ClInclude Include="dnd_ui\MainPage\MainPagePanels\Headers\SkillPanel.h">
      <Filter>Header Files\ui\MainPage</Filter>
    </ClInclude>
  </ItemGroup>
  <ItemGroup>
    <None Include=".gitignore" />
    <None Include="README.md" />
  </ItemGroup>
</Project>