
Microsoft Visual Studio Solution File, Format Version 12.00
# Visual Studio Version 17
VisualStudioVersion = 17.2.32630.192
MinimumVisualStudioVersion = 10.0.40219.1
Project("{8BC9CEB8-8B4A-11D0-8D11-00A0C91BC942}") = "DND-Character-Sheets", "DND-Character-Sheets.vcxproj", "{CD084D5B-407E-4905-8AA9-37BB38832237}"
EndProject
Project("{8BC9CEB8-8B4A-11D0-8D11-00A0C91BC942}") = "backend_test", "backend_test\backend_test.vcxproj", "{295CE6A4-5A5D-407C-BF26-3F50DBC47E7C}"
EndProject
Global
	GlobalSection(SolutionConfigurationPlatforms) = preSolution
		Debug|x64 = Debug|x64
		Debug|x86 = Debug|x86
		Release|x64 = Release|x64
		Release|x86 = Release|x86
		ui|x64 = ui|x64
		ui|x86 = ui|x86
	EndGlobalSection
	GlobalSection(ProjectConfigurationPlatforms) = postSolution
		{CD084D5B-407E-4905-8AA9-37BB38832237}.Debug|x64.ActiveCfg = Debug|x64
		{CD084D5B-407E-4905-8AA9-37BB38832237}.Debug|x64.Build.0 = Debug|x64
		{CD084D5B-407E-4905-8AA9-37BB38832237}.Debug|x86.ActiveCfg = Debug|Win32
		{CD084D5B-407E-4905-8AA9-37BB38832237}.Debug|x86.Build.0 = Debug|Win32
		{CD084D5B-407E-4905-8AA9-37BB38832237}.Release|x64.ActiveCfg = Release|x64
		{CD084D5B-407E-4905-8AA9-37BB38832237}.Release|x64.Build.0 = Release|x64
		{CD084D5B-407E-4905-8AA9-37BB38832237}.Release|x86.ActiveCfg = Release|Win32
		{CD084D5B-407E-4905-8AA9-37BB38832237}.Release|x86.Build.0 = Release|Win32
		{CD084D5B-407E-4905-8AA9-37BB38832237}.ui|x64.ActiveCfg = ui|x64
		{CD084D5B-407E-4905-8AA9-37BB38832237}.ui|x64.Build.0 = ui|x64
		{CD084D5B-407E-4905-8AA9-37BB38832237}.ui|x86.ActiveCfg = ui|Win32
		{CD084D5B-407E-4905-8AA9-37BB38832237}.ui|x86.Build.0 = ui|Win32
		{295CE6A4-5A5D-407C-BF26-3F50DBC47E7C}.Debug|x64.ActiveCfg = Debug|x64
		{295CE6A4-5A5D-407C-BF26-3F50DBC47E7C}.Debug|x64.Build.0 = Debug|x64
		{295CE6A4-5A5D-407C-BF26-3F50DBC47E7C}.Debug|x86.ActiveCfg = Debug|Win32
		{295CE6A4-5A5D-407C-BF26-3F50DBC47E7C}.Debug|x86.Build.0 = Debug|Win32
		{295CE6A4-5A5D-407C-BF26-3F50DBC47E7C}.Release|x64.ActiveCfg = Release|x64
		{295CE6A4-5A5D-407C-BF26-3F50DBC47E7C}.Release|x64.Build.0 = Release|x64
		{295CE6A4-5A5D-407C-BF26-3F50DBC47E7C}.Release|x86.ActiveCfg = Release|Win32
		{295CE6A4-5A5D-407C-BF26-3F50DBC47E7C}.Release|x86.Build.0 = Release|Win32
		{295CE6A4-5A5D-407C-BF26-3F50DBC47E7C}.ui|x64.ActiveCfg = Debug|x64
		{295CE6A4-5A5D-407C-BF26-3F50DBC47E7C}.ui|x64.Build.0 = Debug|x64
		{295CE6A4-5A5D-407C-BF26-3F50DBC47E7C}.ui|x86.ActiveCfg = ui|Win32
		{295CE6A4-5A5D-407C-BF26-3F50DBC47E7C}.ui|x86.Build.0 = ui|Win32
	EndGlobalSection
	GlobalSection(SolutionProperties) = preSolution
		HideSolutionNode = FALSE
	EndGlobalSection
	GlobalSection(ExtensibilityGlobals) = postSolution
		SolutionGuid = {2DEBDC0D-156D-4CFC-8BB0-7F750F648404}
	EndGlobalSection
EndGlobal
